// !$*UTF8*$!
{
	archiveVersion = 1;
	classes = {
	};
	objectVersion = 55;
	objects = {

/* Begin PBXBuildFile section */
		1CC719F74ABB4743AE230A27 /* Pods_StrokeRehab.framework in Frameworks */ = {isa = PBXBuildFile; fileRef = 41D7F79CB98BF7CDB85FB6C4 /* Pods_StrokeRehab.framework */; };
		5C6C723F28256CE900EF9E6E /* AppDelegate.swift in Sources */ = {isa = PBXBuildFile; fileRef = 5C6C723E28256CE900EF9E6E /* AppDelegate.swift */; };
		5C6C724128256CE900EF9E6E /* SceneDelegate.swift in Sources */ = {isa = PBXBuildFile; fileRef = 5C6C724028256CE900EF9E6E /* SceneDelegate.swift */; };
		5C6C724328256CE900EF9E6E /* ViewController.swift in Sources */ = {isa = PBXBuildFile; fileRef = 5C6C724228256CE900EF9E6E /* ViewController.swift */; };
		5C6C724628256CE900EF9E6E /* Main.storyboard in Resources */ = {isa = PBXBuildFile; fileRef = 5C6C724428256CE900EF9E6E /* Main.storyboard */; };
		5C6C724828256CEA00EF9E6E /* Assets.xcassets in Resources */ = {isa = PBXBuildFile; fileRef = 5C6C724728256CEA00EF9E6E /* Assets.xcassets */; };
		5C6C724B28256CEA00EF9E6E /* LaunchScreen.storyboard in Resources */ = {isa = PBXBuildFile; fileRef = 5C6C724928256CEA00EF9E6E /* LaunchScreen.storyboard */; };
		5C6C7253282573EB00EF9E6E /* HomeViewController.swift in Sources */ = {isa = PBXBuildFile; fileRef = 5C6C7252282573EB00EF9E6E /* HomeViewController.swift */; };
		5C7CFF2D282595ED00EA9940 /* GoogleService-Info.plist in Resources */ = {isa = PBXBuildFile; fileRef = 5C7CFF2C282595ED00EA9940 /* GoogleService-Info.plist */; };
		5C8633B4283A9F00008BBE39 /* NameViewController.swift in Sources */ = {isa = PBXBuildFile; fileRef = 5C8633B3283A9F00008BBE39 /* NameViewController.swift */; };
		5C8633BA283AA50D008BBE39 /* GameSelectViewController.swift in Sources */ = {isa = PBXBuildFile; fileRef = 5C8633B5283A9FFC008BBE39 /* GameSelectViewController.swift */; };
		5C8633BB283AA56F008BBE39 /* ModeViewController.swift in Sources */ = {isa = PBXBuildFile; fileRef = 5C8633B6283AA28E008BBE39 /* ModeViewController.swift */; };
		5C8633BE283AACE9008BBE39 /* Exercise.swift in Sources */ = {isa = PBXBuildFile; fileRef = 5C8633BD283AACE9008BBE39 /* Exercise.swift */; };
		5C8633C0283AB139008BBE39 /* Movie.swift in Sources */ = {isa = PBXBuildFile; fileRef = 5C8633BF283AB139008BBE39 /* Movie.swift */; };
		5C8633C2283AB4C0008BBE39 /* HistoryUITableViewCell.swift in Sources */ = {isa = PBXBuildFile; fileRef = 5C8633C1283AB4C0008BBE39 /* HistoryUITableViewCell.swift */; };
		5C8633C4283AB8CE008BBE39 /* HistoryUITableViewController.swift in Sources */ = {isa = PBXBuildFile; fileRef = 5C8633C3283AB8CE008BBE39 /* HistoryUITableViewController.swift */; };
/* End PBXBuildFile section */

/* Begin PBXFileReference section */
		30C413FF9B311D92AE0B798B /* Pods-StrokeRehab.release.xcconfig */ = {isa = PBXFileReference; includeInIndex = 1; lastKnownFileType = text.xcconfig; name = "Pods-StrokeRehab.release.xcconfig"; path = "Target Support Files/Pods-StrokeRehab/Pods-StrokeRehab.release.xcconfig"; sourceTree = "<group>"; };
		41D7F79CB98BF7CDB85FB6C4 /* Pods_StrokeRehab.framework */ = {isa = PBXFileReference; explicitFileType = wrapper.framework; includeInIndex = 0; path = Pods_StrokeRehab.framework; sourceTree = BUILT_PRODUCTS_DIR; };
		5C6C723B28256CE900EF9E6E /* StrokeRehab.app */ = {isa = PBXFileReference; explicitFileType = wrapper.application; includeInIndex = 0; path = StrokeRehab.app; sourceTree = BUILT_PRODUCTS_DIR; };
		5C6C723E28256CE900EF9E6E /* AppDelegate.swift */ = {isa = PBXFileReference; lastKnownFileType = sourcecode.swift; path = AppDelegate.swift; sourceTree = "<group>"; };
		5C6C724028256CE900EF9E6E /* SceneDelegate.swift */ = {isa = PBXFileReference; lastKnownFileType = sourcecode.swift; path = SceneDelegate.swift; sourceTree = "<group>"; };
		5C6C724228256CE900EF9E6E /* ViewController.swift */ = {isa = PBXFileReference; lastKnownFileType = sourcecode.swift; path = ViewController.swift; sourceTree = "<group>"; };
		5C6C724528256CE900EF9E6E /* Base */ = {isa = PBXFileReference; lastKnownFileType = file.storyboard; name = Base; path = Base.lproj/Main.storyboard; sourceTree = "<group>"; };
		5C6C724728256CEA00EF9E6E /* Assets.xcassets */ = {isa = PBXFileReference; lastKnownFileType = folder.assetcatalog; path = Assets.xcassets; sourceTree = "<group>"; };
		5C6C724A28256CEA00EF9E6E /* Base */ = {isa = PBXFileReference; lastKnownFileType = file.storyboard; name = Base; path = Base.lproj/LaunchScreen.storyboard; sourceTree = "<group>"; };
		5C6C724C28256CEA00EF9E6E /* Info.plist */ = {isa = PBXFileReference; lastKnownFileType = text.plist.xml; path = Info.plist; sourceTree = "<group>"; };
		5C6C7252282573EB00EF9E6E /* HomeViewController.swift */ = {isa = PBXFileReference; lastKnownFileType = sourcecode.swift; path = HomeViewController.swift; sourceTree = "<group>"; };
		5C7CFF2C282595ED00EA9940 /* GoogleService-Info.plist */ = {isa = PBXFileReference; fileEncoding = 4; lastKnownFileType = text.plist.xml; path = "GoogleService-Info.plist"; sourceTree = "<group>"; };
		5C8633B3283A9F00008BBE39 /* NameViewController.swift */ = {isa = PBXFileReference; lastKnownFileType = sourcecode.swift; path = NameViewController.swift; sourceTree = "<group>"; };
		5C8633B5283A9FFC008BBE39 /* GameSelectViewController.swift */ = {isa = PBXFileReference; lastKnownFileType = sourcecode.swift; path = GameSelectViewController.swift; sourceTree = "<group>"; };
		5C8633B6283AA28E008BBE39 /* ModeViewController.swift */ = {isa = PBXFileReference; lastKnownFileType = sourcecode.swift; path = ModeViewController.swift; sourceTree = "<group>"; };
		5C8633BD283AACE9008BBE39 /* Exercise.swift */ = {isa = PBXFileReference; lastKnownFileType = sourcecode.swift; path = Exercise.swift; sourceTree = "<group>"; };
		5C8633BF283AB139008BBE39 /* Movie.swift */ = {isa = PBXFileReference; lastKnownFileType = sourcecode.swift; path = Movie.swift; sourceTree = "<group>"; };
		5C8633C1283AB4C0008BBE39 /* HistoryUITableViewCell.swift */ = {isa = PBXFileReference; lastKnownFileType = sourcecode.swift; path = HistoryUITableViewCell.swift; sourceTree = "<group>"; };
		5C8633C3283AB8CE008BBE39 /* HistoryUITableViewController.swift */ = {isa = PBXFileReference; lastKnownFileType = sourcecode.swift; path = HistoryUITableViewController.swift; sourceTree = "<group>"; };
		F01280D8A4A3D74A724B93A9 /* Pods-StrokeRehab.debug.xcconfig */ = {isa = PBXFileReference; includeInIndex = 1; lastKnownFileType = text.xcconfig; name = "Pods-StrokeRehab.debug.xcconfig"; path = "Target Support Files/Pods-StrokeRehab/Pods-StrokeRehab.debug.xcconfig"; sourceTree = "<group>"; };
/* End PBXFileReference section */

/* Begin PBXFrameworksBuildPhase section */
		5C6C723828256CE900EF9E6E /* Frameworks */ = {
			isa = PBXFrameworksBuildPhase;
			buildActionMask = 2147483647;
			files = (
				1CC719F74ABB4743AE230A27 /* Pods_StrokeRehab.framework in Frameworks */,
			);
			runOnlyForDeploymentPostprocessing = 0;
		};
/* End PBXFrameworksBuildPhase section */

/* Begin PBXGroup section */
		58DF2111CC0F9CDE7013EC28 /* Pods */ = {
			isa = PBXGroup;
			children = (
				F01280D8A4A3D74A724B93A9 /* Pods-StrokeRehab.debug.xcconfig */,
				30C413FF9B311D92AE0B798B /* Pods-StrokeRehab.release.xcconfig */,
			);
			path = Pods;
			sourceTree = "<group>";
		};
		5C6C723228256CE900EF9E6E = {
			isa = PBXGroup;
			children = (
				5C6C723D28256CE900EF9E6E /* StrokeRehab */,
				5C6C723C28256CE900EF9E6E /* Products */,
				58DF2111CC0F9CDE7013EC28 /* Pods */,
				902605146C730A71B97DD5B3 /* Frameworks */,
			);
			sourceTree = "<group>";
		};
		5C6C723C28256CE900EF9E6E /* Products */ = {
			isa = PBXGroup;
			children = (
				5C6C723B28256CE900EF9E6E /* StrokeRehab.app */,
			);
			name = Products;
			sourceTree = "<group>";
		};
		5C6C723D28256CE900EF9E6E /* StrokeRehab */ = {
			isa = PBXGroup;
			children = (
				5C8633C3283AB8CE008BBE39 /* HistoryUITableViewController.swift */,
				5C7CFF2C282595ED00EA9940 /* GoogleService-Info.plist */,
				5C6C723E28256CE900EF9E6E /* AppDelegate.swift */,
				5C6C724028256CE900EF9E6E /* SceneDelegate.swift */,
				5C6C724228256CE900EF9E6E /* ViewController.swift */,
				5C8633B3283A9F00008BBE39 /* NameViewController.swift */,
				5C6C7252282573EB00EF9E6E /* HomeViewController.swift */,
				5CE2972C283E738300E8186E /* Model */,
				5C8633B5283A9FFC008BBE39 /* GameSelectViewController.swift */,
				5CE2972D283E739500E8186E /* Controller */,
				5C6C724428256CE900EF9E6E /* Main.storyboard */,
				5C8633C1283AB4C0008BBE39 /* HistoryUITableViewCell.swift */,
				5C6C724728256CEA00EF9E6E /* Assets.xcassets */,
				5C6C724928256CEA00EF9E6E /* LaunchScreen.storyboard */,
				5C6C724C28256CEA00EF9E6E /* Info.plist */,
			);
			path = StrokeRehab;
			sourceTree = "<group>";
		};
		5C8633BC283AA580008BBE39 /* PrescribedGame */ = {
			isa = PBXGroup;
			children = (
				5C8633B6283AA28E008BBE39 /* ModeViewController.swift */,
			);
			name = PrescribedGame;
			sourceTree = "<group>";
		};
		5CE2972C283E738300E8186E /* Model */ = {
			isa = PBXGroup;
			children = (
				5C8633BF283AB139008BBE39 /* Movie.swift */,
				5C8633BD283AACE9008BBE39 /* Exercise.swift */,
			);
			name = Model;
			sourceTree = "<group>";
		};
		5CE2972D283E739500E8186E /* Controller */ = {
			isa = PBXGroup;
			children = (
				5C8633BC283AA580008BBE39 /* PrescribedGame */,
			);
			name = Controller;
			sourceTree = "<group>";
		};
		902605146C730A71B97DD5B3 /* Frameworks */ = {
			isa = PBXGroup;
			children = (
				41D7F79CB98BF7CDB85FB6C4 /* Pods_StrokeRehab.framework */,
			);
			name = Frameworks;
			sourceTree = "<group>";
		};
/* End PBXGroup section */

/* Begin PBXNativeTarget section */
		5C6C723A28256CE900EF9E6E /* StrokeRehab */ = {
			isa = PBXNativeTarget;
			buildConfigurationList = 5C6C724F28256CEA00EF9E6E /* Build configuration list for PBXNativeTarget "StrokeRehab" */;
			buildPhases = (
				64134AF8C5E64F1713FE70AA /* [CP] Check Pods Manifest.lock */,
				5C6C723728256CE900EF9E6E /* Sources */,
				5C6C723828256CE900EF9E6E /* Frameworks */,
				5C6C723928256CE900EF9E6E /* Resources */,
				AB57DBF1CF8057C187248232 /* [CP] Embed Pods Frameworks */,
			);
			buildRules = (
			);
			dependencies = (
			);
			name = StrokeRehab;
			productName = StrokeRehab;
			productReference = 5C6C723B28256CE900EF9E6E /* StrokeRehab.app */;
			productType = "com.apple.product-type.application";
		};
/* End PBXNativeTarget section */

/* Begin PBXProject section */
		5C6C723328256CE900EF9E6E /* Project object */ = {
			isa = PBXProject;
			attributes = {
				BuildIndependentTargetsInParallel = 1;
				LastSwiftUpdateCheck = 1310;
				LastUpgradeCheck = 1310;
				TargetAttributes = {
					5C6C723A28256CE900EF9E6E = {
						CreatedOnToolsVersion = 13.1;
					};
				};
			};
			buildConfigurationList = 5C6C723628256CE900EF9E6E /* Build configuration list for PBXProject "StrokeRehab" */;
			compatibilityVersion = "Xcode 13.0";
			developmentRegion = en;
			hasScannedForEncodings = 0;
			knownRegions = (
				en,
				Base,
			);
			mainGroup = 5C6C723228256CE900EF9E6E;
			productRefGroup = 5C6C723C28256CE900EF9E6E /* Products */;
			projectDirPath = "";
			projectRoot = "";
			targets = (
				5C6C723A28256CE900EF9E6E /* StrokeRehab */,
			);
		};
/* End PBXProject section */

/* Begin PBXResourcesBuildPhase section */
		5C6C723928256CE900EF9E6E /* Resources */ = {
			isa = PBXResourcesBuildPhase;
			buildActionMask = 2147483647;
			files = (
				5C6C724B28256CEA00EF9E6E /* LaunchScreen.storyboard in Resources */,
				5C7CFF2D282595ED00EA9940 /* GoogleService-Info.plist in Resources */,
				5C6C724828256CEA00EF9E6E /* Assets.xcassets in Resources */,
				5C6C724628256CE900EF9E6E /* Main.storyboard in Resources */,
			);
			runOnlyForDeploymentPostprocessing = 0;
		};
/* End PBXResourcesBuildPhase section */

/* Begin PBXShellScriptBuildPhase section */
		64134AF8C5E64F1713FE70AA /* [CP] Check Pods Manifest.lock */ = {
			isa = PBXShellScriptBuildPhase;
			buildActionMask = 2147483647;
			files = (
			);
			inputFileListPaths = (
			);
			inputPaths = (
				"${PODS_PODFILE_DIR_PATH}/Podfile.lock",
				"${PODS_ROOT}/Manifest.lock",
			);
			name = "[CP] Check Pods Manifest.lock";
			outputFileListPaths = (
			);
			outputPaths = (
				"$(DERIVED_FILE_DIR)/Pods-StrokeRehab-checkManifestLockResult.txt",
			);
			runOnlyForDeploymentPostprocessing = 0;
			shellPath = /bin/sh;
			shellScript = "diff \"${PODS_PODFILE_DIR_PATH}/Podfile.lock\" \"${PODS_ROOT}/Manifest.lock\" > /dev/null\nif [ $? != 0 ] ; then\n    # print error to STDERR\n    echo \"error: The sandbox is not in sync with the Podfile.lock. Run 'pod install' or update your CocoaPods installation.\" >&2\n    exit 1\nfi\n# This output is used by Xcode 'outputs' to avoid re-running this script phase.\necho \"SUCCESS\" > \"${SCRIPT_OUTPUT_FILE_0}\"\n";
			showEnvVarsInLog = 0;
		};
		AB57DBF1CF8057C187248232 /* [CP] Embed Pods Frameworks */ = {
			isa = PBXShellScriptBuildPhase;
			buildActionMask = 2147483647;
			files = (
			);
			inputFileListPaths = (
				"${PODS_ROOT}/Target Support Files/Pods-StrokeRehab/Pods-StrokeRehab-frameworks-${CONFIGURATION}-input-files.xcfilelist",
			);
			name = "[CP] Embed Pods Frameworks";
			outputFileListPaths = (
				"${PODS_ROOT}/Target Support Files/Pods-StrokeRehab/Pods-StrokeRehab-frameworks-${CONFIGURATION}-output-files.xcfilelist",
			);
			runOnlyForDeploymentPostprocessing = 0;
			shellPath = /bin/sh;
			shellScript = "\"${PODS_ROOT}/Target Support Files/Pods-StrokeRehab/Pods-StrokeRehab-frameworks.sh\"\n";
			showEnvVarsInLog = 0;
		};
/* End PBXShellScriptBuildPhase section */

/* Begin PBXSourcesBuildPhase section */
		5C6C723728256CE900EF9E6E /* Sources */ = {
			isa = PBXSourcesBuildPhase;
			buildActionMask = 2147483647;
			files = (
				5C8633C4283AB8CE008BBE39 /* HistoryUITableViewController.swift in Sources */,
				5C6C724328256CE900EF9E6E /* ViewController.swift in Sources */,
				5C8633BE283AACE9008BBE39 /* Exercise.swift in Sources */,
				5C8633C2283AB4C0008BBE39 /* HistoryUITableViewCell.swift in Sources */,
				5C8633C0283AB139008BBE39 /* Movie.swift in Sources */,
				5C6C723F28256CE900EF9E6E /* AppDelegate.swift in Sources */,
				5C8633BA283AA50D008BBE39 /* GameSelectViewController.swift in Sources */,
				5C6C724128256CE900EF9E6E /* SceneDelegate.swift in Sources */,
				5C8633BB283AA56F008BBE39 /* ModeViewController.swift in Sources */,
				5C6C7253282573EB00EF9E6E /* HomeViewController.swift in Sources */,
				5C8633B4283A9F00008BBE39 /* NameViewController.swift in Sources */,
			);
			runOnlyForDeploymentPostprocessing = 0;
		};
/* End PBXSourcesBuildPhase section */

/* Begin PBXVariantGroup section */
		5C6C724428256CE900EF9E6E /* Main.storyboard */ = {
			isa = PBXVariantGroup;
			children = (
				5C6C724528256CE900EF9E6E /* Base */,
			);
			name = Main.storyboard;
			sourceTree = "<group>";
		};
		5C6C724928256CEA00EF9E6E /* LaunchScreen.storyboard */ = {
			isa = PBXVariantGroup;
			children = (
				5C6C724A28256CEA00EF9E6E /* Base */,
			);
			name = LaunchScreen.storyboard;
			sourceTree = "<group>";
		};
/* End PBXVariantGroup section */

/* Begin XCBuildConfiguration section */
		5C6C724D28256CEA00EF9E6E /* Debug */ = {
			isa = XCBuildConfiguration;
			buildSettings = {
				ALWAYS_SEARCH_USER_PATHS = NO;
				CLANG_ANALYZER_NONNULL = YES;
				CLANG_ANALYZER_NUMBER_OBJECT_CONVERSION = YES_AGGRESSIVE;
				CLANG_CXX_LANGUAGE_STANDARD = "gnu++17";
				CLANG_CXX_LIBRARY = "libc++";
				CLANG_ENABLE_MODULES = YES;
				CLANG_ENABLE_OBJC_ARC = YES;
				CLANG_ENABLE_OBJC_WEAK = YES;
				CLANG_WARN_BLOCK_CAPTURE_AUTORELEASING = YES;
				CLANG_WARN_BOOL_CONVERSION = YES;
				CLANG_WARN_COMMA = YES;
				CLANG_WARN_CONSTANT_CONVERSION = YES;
				CLANG_WARN_DEPRECATED_OBJC_IMPLEMENTATIONS = YES;
				CLANG_WARN_DIRECT_OBJC_ISA_USAGE = YES_ERROR;
				CLANG_WARN_DOCUMENTATION_COMMENTS = YES;
				CLANG_WARN_EMPTY_BODY = YES;
				CLANG_WARN_ENUM_CONVERSION = YES;
				CLANG_WARN_INFINITE_RECURSION = YES;
				CLANG_WARN_INT_CONVERSION = YES;
				CLANG_WARN_NON_LITERAL_NULL_CONVERSION = YES;
				CLANG_WARN_OBJC_IMPLICIT_RETAIN_SELF = YES;
				CLANG_WARN_OBJC_LITERAL_CONVERSION = YES;
				CLANG_WARN_OBJC_ROOT_CLASS = YES_ERROR;
				CLANG_WARN_QUOTED_INCLUDE_IN_FRAMEWORK_HEADER = YES;
				CLANG_WARN_RANGE_LOOP_ANALYSIS = YES;
				CLANG_WARN_STRICT_PROTOTYPES = YES;
				CLANG_WARN_SUSPICIOUS_MOVE = YES;
				CLANG_WARN_UNGUARDED_AVAILABILITY = YES_AGGRESSIVE;
				CLANG_WARN_UNREACHABLE_CODE = YES;
				CLANG_WARN__DUPLICATE_METHOD_MATCH = YES;
				COPY_PHASE_STRIP = NO;
				DEBUG_INFORMATION_FORMAT = dwarf;
				ENABLE_STRICT_OBJC_MSGSEND = YES;
				ENABLE_TESTABILITY = YES;
				GCC_C_LANGUAGE_STANDARD = gnu11;
				GCC_DYNAMIC_NO_PIC = NO;
				GCC_NO_COMMON_BLOCKS = YES;
				GCC_OPTIMIZATION_LEVEL = 0;
				GCC_PREPROCESSOR_DEFINITIONS = (
					"DEBUG=1",
					"$(inherited)",
				);
				GCC_WARN_64_TO_32_BIT_CONVERSION = YES;
				GCC_WARN_ABOUT_RETURN_TYPE = YES_ERROR;
				GCC_WARN_UNDECLARED_SELECTOR = YES;
				GCC_WARN_UNINITIALIZED_AUTOS = YES_AGGRESSIVE;
				GCC_WARN_UNUSED_FUNCTION = YES;
				GCC_WARN_UNUSED_VARIABLE = YES;
				IPHONEOS_DEPLOYMENT_TARGET = 15.0;
				MTL_ENABLE_DEBUG_INFO = INCLUDE_SOURCE;
				MTL_FAST_MATH = YES;
				ONLY_ACTIVE_ARCH = YES;
				SDKROOT = iphoneos;
				SWIFT_ACTIVE_COMPILATION_CONDITIONS = DEBUG;
				SWIFT_OPTIMIZATION_LEVEL = "-Onone";
			};
			name = Debug;
		};
		5C6C724E28256CEA00EF9E6E /* Release */ = {
			isa = XCBuildConfiguration;
			buildSettings = {
				ALWAYS_SEARCH_USER_PATHS = NO;
				CLANG_ANALYZER_NONNULL = YES;
				CLANG_ANALYZER_NUMBER_OBJECT_CONVERSION = YES_AGGRESSIVE;
				CLANG_CXX_LANGUAGE_STANDARD = "gnu++17";
				CLANG_CXX_LIBRARY = "libc++";
				CLANG_ENABLE_MODULES = YES;
				CLANG_ENABLE_OBJC_ARC = YES;
				CLANG_ENABLE_OBJC_WEAK = YES;
				CLANG_WARN_BLOCK_CAPTURE_AUTORELEASING = YES;
				CLANG_WARN_BOOL_CONVERSION = YES;
				CLANG_WARN_COMMA = YES;
				CLANG_WARN_CONSTANT_CONVERSION = YES;
				CLANG_WARN_DEPRECATED_OBJC_IMPLEMENTATIONS = YES;
				CLANG_WARN_DIRECT_OBJC_ISA_USAGE = YES_ERROR;
				CLANG_WARN_DOCUMENTATION_COMMENTS = YES;
				CLANG_WARN_EMPTY_BODY = YES;
				CLANG_WARN_ENUM_CONVERSION = YES;
				CLANG_WARN_INFINITE_RECURSION = YES;
				CLANG_WARN_INT_CONVERSION = YES;
				CLANG_WARN_NON_LITERAL_NULL_CONVERSION = YES;
				CLANG_WARN_OBJC_IMPLICIT_RETAIN_SELF = YES;
				CLANG_WARN_OBJC_LITERAL_CONVERSION = YES;
				CLANG_WARN_OBJC_ROOT_CLASS = YES_ERROR;
				CLANG_WARN_QUOTED_INCLUDE_IN_FRAMEWORK_HEADER = YES;
				CLANG_WARN_RANGE_LOOP_ANALYSIS = YES;
				CLANG_WARN_STRICT_PROTOTYPES = YES;
				CLANG_WARN_SUSPICIOUS_MOVE = YES;
				CLANG_WARN_UNGUARDED_AVAILABILITY = YES_AGGRESSIVE;
				CLANG_WARN_UNREACHABLE_CODE = YES;
				CLANG_WARN__DUPLICATE_METHOD_MATCH = YES;
				COPY_PHASE_STRIP = NO;
				DEBUG_INFORMATION_FORMAT = "dwarf-with-dsym";
				ENABLE_NS_ASSERTIONS = NO;
				ENABLE_STRICT_OBJC_MSGSEND = YES;
				GCC_C_LANGUAGE_STANDARD = gnu11;
				GCC_NO_COMMON_BLOCKS = YES;
				GCC_WARN_64_TO_32_BIT_CONVERSION = YES;
				GCC_WARN_ABOUT_RETURN_TYPE = YES_ERROR;
				GCC_WARN_UNDECLARED_SELECTOR = YES;
				GCC_WARN_UNINITIALIZED_AUTOS = YES_AGGRESSIVE;
				GCC_WARN_UNUSED_FUNCTION = YES;
				GCC_WARN_UNUSED_VARIABLE = YES;
				IPHONEOS_DEPLOYMENT_TARGET = 15.0;
				MTL_ENABLE_DEBUG_INFO = NO;
				MTL_FAST_MATH = YES;
				SDKROOT = iphoneos;
				SWIFT_COMPILATION_MODE = wholemodule;
				SWIFT_OPTIMIZATION_LEVEL = "-O";
				VALIDATE_PRODUCT = YES;
			};
			name = Release;
		};
		5C6C725028256CEA00EF9E6E /* Debug */ = {
			isa = XCBuildConfiguration;
			baseConfigurationReference = F01280D8A4A3D74A724B93A9 /* Pods-StrokeRehab.debug.xcconfig */;
			buildSettings = {
				ASSETCATALOG_COMPILER_APPICON_NAME = AppIcon;
				ASSETCATALOG_COMPILER_GLOBAL_ACCENT_COLOR_NAME = AccentColor;
				CODE_SIGN_STYLE = Automatic;
				CURRENT_PROJECT_VERSION = 1;
				GENERATE_INFOPLIST_FILE = YES;
				INFOPLIST_FILE = StrokeRehab/Info.plist;
				INFOPLIST_KEY_UIApplicationSupportsIndirectInputEvents = YES;
				INFOPLIST_KEY_UILaunchStoryboardName = LaunchScreen;
				INFOPLIST_KEY_UIMainStoryboardFile = Main;
				INFOPLIST_KEY_UISupportedInterfaceOrientations_iPad = "UIInterfaceOrientationPortrait UIInterfaceOrientationPortraitUpsideDown UIInterfaceOrientationLandscapeLeft UIInterfaceOrientationLandscapeRight";
				INFOPLIST_KEY_UISupportedInterfaceOrientations_iPhone = "UIInterfaceOrientationPortrait UIInterfaceOrientationLandscapeLeft UIInterfaceOrientationLandscapeRight";
				LD_RUNPATH_SEARCH_PATHS = (
					"$(inherited)",
					"@executable_path/Frameworks",
				);
				MARKETING_VERSION = 1.0;
				PRODUCT_BUNDLE_IDENTIFIER = au.edu.utas.weitedai.StrokeRehab;
				PRODUCT_NAME = "$(TARGET_NAME)";
				SWIFT_EMIT_LOC_STRINGS = YES;
				SWIFT_VERSION = 5.0;
				TARGETED_DEVICE_FAMILY = "1,2";
			};
			name = Debug;
		};
		5C6C725128256CEA00EF9E6E /* Release */ = {
			isa = XCBuildConfiguration;
			baseConfigurationReference = 30C413FF9B311D92AE0B798B /* Pods-StrokeRehab.release.xcconfig */;
			buildSettings = {
				ASSETCATALOG_COMPILER_APPICON_NAME = AppIcon;
				ASSETCATALOG_COMPILER_GLOBAL_ACCENT_COLOR_NAME = AccentColor;
				CODE_SIGN_STYLE = Automatic;
				CURRENT_PROJECT_VERSION = 1;
				GENERATE_INFOPLIST_FILE = YES;
				INFOPLIST_FILE = StrokeRehab/Info.plist;
				INFOPLIST_KEY_UIApplicationSupportsIndirectInputEvents = YES;
				INFOPLIST_KEY_UILaunchStoryboardName = LaunchScreen;
				INFOPLIST_KEY_UIMainStoryboardFile = Main;
				INFOPLIST_KEY_UISupportedInterfaceOrientations_iPad = "UIInterfaceOrientationPortrait UIInterfaceOrientationPortraitUpsideDown UIInterfaceOrientationLandscapeLeft UIInterfaceOrientationLandscapeRight";
				INFOPLIST_KEY_UISupportedInterfaceOrientations_iPhone = "UIInterfaceOrientationPortrait UIInterfaceOrientationLandscapeLeft UIInterfaceOrientationLandscapeRight";
				LD_RUNPATH_SEARCH_PATHS = (
					"$(inherited)",
					"@executable_path/Frameworks",
				);
				MARKETING_VERSION = 1.0;
				PRODUCT_BUNDLE_IDENTIFIER = au.edu.utas.weitedai.StrokeRehab;
				PRODUCT_NAME = "$(TARGET_NAME)";
				SWIFT_EMIT_LOC_STRINGS = YES;
				SWIFT_VERSION = 5.0;
				TARGETED_DEVICE_FAMILY = "1,2";
			};
			name = Release;
		};
/* End XCBuildConfiguration section */

/* Begin XCConfigurationList section */
		5C6C723628256CE900EF9E6E /* Build configuration list for PBXProject "StrokeRehab" */ = {
			isa = XCConfigurationList;
			buildConfigurations = (
				5C6C724D28256CEA00EF9E6E /* Debug */,
				5C6C724E28256CEA00EF9E6E /* Release */,
			);
			defaultConfigurationIsVisible = 0;
			defaultConfigurationName = Release;
		};
		5C6C724F28256CEA00EF9E6E /* Build configuration list for PBXNativeTarget "StrokeRehab" */ = {
			isa = XCConfigurationList;
			buildConfigurations = (
				5C6C725028256CEA00EF9E6E /* Debug */,
				5C6C725128256CEA00EF9E6E /* Release */,
			);
			defaultConfigurationIsVisible = 0;
			defaultConfigurationName = Release;
		};
/* End XCConfigurationList section */
	};
	rootObject = 5C6C723328256CE900EF9E6E /* Project object */;
}
